
Microsoft Visual Studio Solution File, Format Version 12.00
# Visual Studio 14
VisualStudioVersion = 14.0.25420.1
MinimumVisualStudioVersion = 10.0.40219.1
Project("{8BC9CEB8-8B4A-11D0-8D11-00A0C91BC942}") = "ArkEngine", "ArkEngine\ArkEngine.vcxproj", "{A7F807D9-36C6-4461-A720-A37A07BBB6A4}"
	ProjectSection(ProjectDependencies) = postProject
		{2725A01E-9D3D-4B1B-B3EC-C863DFD6D240} = {2725A01E-9D3D-4B1B-B3EC-C863DFD6D240}
		{FA3C8630-D79B-48CE-9B3E-B02AEA52E4AF} = {FA3C8630-D79B-48CE-9B3E-B02AEA52E4AF}
		{B794526F-75D6-463C-96A8-0995D452E4C9} = {B794526F-75D6-463C-96A8-0995D452E4C9}
		{6BCB26E1-DD12-4154-A0E9-8E99474E9238} = {6BCB26E1-DD12-4154-A0E9-8E99474E9238}
	EndProjectSection
EndProject
Project("{8BC9CEB8-8B4A-11D0-8D11-00A0C91BC942}") = "ArkMath", "ArkMath\ArkMath.vcxproj", "{2725A01E-9D3D-4B1B-B3EC-C863DFD6D240}"
EndProject
Project("{8BC9CEB8-8B4A-11D0-8D11-00A0C91BC942}") = "Test_ArkMath", "Test_ArkMath\Test_ArkMath.vcxproj", "{148929DD-BCD1-4B93-9D8B-707F77FE5AEF}"
EndProject
Project("{8BC9CEB8-8B4A-11D0-8D11-00A0C91BC942}") = "ArkPhysics", "ArkPhysics\ArkPhysics.vcxproj", "{B794526F-75D6-463C-96A8-0995D452E4C9}"
	ProjectSection(ProjectDependencies) = postProject
		{2725A01E-9D3D-4B1B-B3EC-C863DFD6D240} = {2725A01E-9D3D-4B1B-B3EC-C863DFD6D240}
		{6BCB26E1-DD12-4154-A0E9-8E99474E9238} = {6BCB26E1-DD12-4154-A0E9-8E99474E9238}
	EndProjectSection
EndProject
Project("{8BC9CEB8-8B4A-11D0-8D11-00A0C91BC942}") = "ArkUtils", "ArkUtils\ArkUtils.vcxproj", "{6BCB26E1-DD12-4154-A0E9-8E99474E9238}"
EndProject
Project("{8BC9CEB8-8B4A-11D0-8D11-00A0C91BC942}") = "Test_ArkUtils", "Test_ArkUtils\Test_ArkUtils.vcxproj", "{0E309289-C217-4185-AE4F-C11D11F13454}"
EndProject
Project("{8BC9CEB8-8B4A-11D0-8D11-00A0C91BC942}") = "Test_ArkPhysics", "Test_ArkPhysics\Test_ArkPhysics.vcxproj", "{BD8F54CE-265A-4606-982E-D21B0479B907}"
EndProject
Project("{8BC9CEB8-8B4A-11D0-8D11-00A0C91BC942}") = "ArkRendering", "ArkRendering\ArkRendering.vcxproj", "{FA3C8630-D79B-48CE-9B3E-B02AEA52E4AF}"
	ProjectSection(ProjectDependencies) = postProject
		{2725A01E-9D3D-4B1B-B3EC-C863DFD6D240} = {2725A01E-9D3D-4B1B-B3EC-C863DFD6D240}
		{6BCB26E1-DD12-4154-A0E9-8E99474E9238} = {6BCB26E1-DD12-4154-A0E9-8E99474E9238}
	EndProjectSection
EndProject
Global
	GlobalSection(SolutionConfigurationPlatforms) = preSolution
		Debug|x64 = Debug|x64
		Debug|x86 = Debug|x86
		Release|x64 = Release|x64
		Release|x86 = Release|x86
		Test|x64 = Test|x64
		Test|x86 = Test|x86
	EndGlobalSection
	GlobalSection(ProjectConfigurationPlatforms) = postSolution
		{A7F807D9-36C6-4461-A720-A37A07BBB6A4}.Debug|x64.ActiveCfg = Debug|x64
		{A7F807D9-36C6-4461-A720-A37A07BBB6A4}.Debug|x64.Build.0 = Debug|x64
		{A7F807D9-36C6-4461-A720-A37A07BBB6A4}.Debug|x86.ActiveCfg = Debug|Win32
		{A7F807D9-36C6-4461-A720-A37A07BBB6A4}.Debug|x86.Build.0 = Debug|Win32
		{A7F807D9-36C6-4461-A720-A37A07BBB6A4}.Release|x64.ActiveCfg = Release|x64
		{A7F807D9-36C6-4461-A720-A37A07BBB6A4}.Release|x64.Build.0 = Release|x64
		{A7F807D9-36C6-4461-A720-A37A07BBB6A4}.Release|x86.ActiveCfg = Release|Win32
		{A7F807D9-36C6-4461-A720-A37A07BBB6A4}.Release|x86.Build.0 = Release|Win32
		{A7F807D9-36C6-4461-A720-A37A07BBB6A4}.Test|x64.ActiveCfg = Test|x64
		{A7F807D9-36C6-4461-A720-A37A07BBB6A4}.Test|x64.Build.0 = Test|x64
		{A7F807D9-36C6-4461-A720-A37A07BBB6A4}.Test|x86.ActiveCfg = Test|Win32
		{A7F807D9-36C6-4461-A720-A37A07BBB6A4}.Test|x86.Build.0 = Test|Win32
		{2725A01E-9D3D-4B1B-B3EC-C863DFD6D240}.Debug|x64.ActiveCfg = Debug|x64
		{2725A01E-9D3D-4B1B-B3EC-C863DFD6D240}.Debug|x64.Build.0 = Debug|x64
		{2725A01E-9D3D-4B1B-B3EC-C863DFD6D240}.Debug|x86.ActiveCfg = Debug|Win32
		{2725A01E-9D3D-4B1B-B3EC-C863DFD6D240}.Debug|x86.Build.0 = Debug|Win32
		{2725A01E-9D3D-4B1B-B3EC-C863DFD6D240}.Release|x64.ActiveCfg = Release|x64
		{2725A01E-9D3D-4B1B-B3EC-C863DFD6D240}.Release|x64.Build.0 = Release|x64
		{2725A01E-9D3D-4B1B-B3EC-C863DFD6D240}.Release|x86.ActiveCfg = Release|Win32
		{2725A01E-9D3D-4B1B-B3EC-C863DFD6D240}.Release|x86.Build.0 = Release|Win32
		{2725A01E-9D3D-4B1B-B3EC-C863DFD6D240}.Test|x64.ActiveCfg = Test|x64
		{2725A01E-9D3D-4B1B-B3EC-C863DFD6D240}.Test|x64.Build.0 = Test|x64
		{2725A01E-9D3D-4B1B-B3EC-C863DFD6D240}.Test|x86.ActiveCfg = Test|Win32
		{2725A01E-9D3D-4B1B-B3EC-C863DFD6D240}.Test|x86.Build.0 = Test|Win32
		{148929DD-BCD1-4B93-9D8B-707F77FE5AEF}.Debug|x64.ActiveCfg = Debug|x64
		{148929DD-BCD1-4B93-9D8B-707F77FE5AEF}.Debug|x86.ActiveCfg = Debug|Win32
		{148929DD-BCD1-4B93-9D8B-707F77FE5AEF}.Debug|x86.Build.0 = Debug|Win32
		{148929DD-BCD1-4B93-9D8B-707F77FE5AEF}.Release|x64.ActiveCfg = Release|x64
		{148929DD-BCD1-4B93-9D8B-707F77FE5AEF}.Release|x86.ActiveCfg = Release|Win32
		{148929DD-BCD1-4B93-9D8B-707F77FE5AEF}.Release|x86.Build.0 = Release|Win32
		{148929DD-BCD1-4B93-9D8B-707F77FE5AEF}.Test|x64.ActiveCfg = Test|x64
		{148929DD-BCD1-4B93-9D8B-707F77FE5AEF}.Test|x64.Build.0 = Test|x64
		{148929DD-BCD1-4B93-9D8B-707F77FE5AEF}.Test|x86.ActiveCfg = Test|Win32
		{B794526F-75D6-463C-96A8-0995D452E4C9}.Debug|x64.ActiveCfg = Debug|x64
		{B794526F-75D6-463C-96A8-0995D452E4C9}.Debug|x64.Build.0 = Debug|x64
		{B794526F-75D6-463C-96A8-0995D452E4C9}.Debug|x86.ActiveCfg = Debug|Win32
		{B794526F-75D6-463C-96A8-0995D452E4C9}.Debug|x86.Build.0 = Debug|Win32
		{B794526F-75D6-463C-96A8-0995D452E4C9}.Release|x64.ActiveCfg = Release|x64
		{B794526F-75D6-463C-96A8-0995D452E4C9}.Release|x64.Build.0 = Release|x64
		{B794526F-75D6-463C-96A8-0995D452E4C9}.Release|x86.ActiveCfg = Release|Win32
		{B794526F-75D6-463C-96A8-0995D452E4C9}.Release|x86.Build.0 = Release|Win32
		{B794526F-75D6-463C-96A8-0995D452E4C9}.Test|x64.ActiveCfg = Test|x64
		{B794526F-75D6-463C-96A8-0995D452E4C9}.Test|x64.Build.0 = Test|x64
		{B794526F-75D6-463C-96A8-0995D452E4C9}.Test|x86.ActiveCfg = Test|Win32
		{B794526F-75D6-463C-96A8-0995D452E4C9}.Test|x86.Build.0 = Test|Win32
		{6BCB26E1-DD12-4154-A0E9-8E99474E9238}.Debug|x64.ActiveCfg = Debug|x64
		{6BCB26E1-DD12-4154-A0E9-8E99474E9238}.Debug|x64.Build.0 = Debug|x64
		{6BCB26E1-DD12-4154-A0E9-8E99474E9238}.Debug|x86.ActiveCfg = Debug|Win32
		{6BCB26E1-DD12-4154-A0E9-8E99474E9238}.Debug|x86.Build.0 = Debug|Win32
		{6BCB26E1-DD12-4154-A0E9-8E99474E9238}.Release|x64.ActiveCfg = Release|x64
		{6BCB26E1-DD12-4154-A0E9-8E99474E9238}.Release|x64.Build.0 = Release|x64
		{6BCB26E1-DD12-4154-A0E9-8E99474E9238}.Release|x86.ActiveCfg = Release|Win32
		{6BCB26E1-DD12-4154-A0E9-8E99474E9238}.Release|x86.Build.0 = Release|Win32
		{6BCB26E1-DD12-4154-A0E9-8E99474E9238}.Test|x64.ActiveCfg = Test|x64
		{6BCB26E1-DD12-4154-A0E9-8E99474E9238}.Test|x64.Build.0 = Test|x64
		{6BCB26E1-DD12-4154-A0E9-8E99474E9238}.Test|x86.ActiveCfg = Test|Win32
		{6BCB26E1-DD12-4154-A0E9-8E99474E9238}.Test|x86.Build.0 = Test|Win32
		{0E309289-C217-4185-AE4F-C11D11F13454}.Debug|x64.ActiveCfg = Debug|x64
		{0E309289-C217-4185-AE4F-C11D11F13454}.Debug|x86.ActiveCfg = Debug|Win32
		{0E309289-C217-4185-AE4F-C11D11F13454}.Debug|x86.Build.0 = Debug|Win32
		{0E309289-C217-4185-AE4F-C11D11F13454}.Release|x64.ActiveCfg = Release|x64
		{0E309289-C217-4185-AE4F-C11D11F13454}.Release|x86.ActiveCfg = Release|Win32
		{0E309289-C217-4185-AE4F-C11D11F13454}.Release|x86.Build.0 = Release|Win32
		{0E309289-C217-4185-AE4F-C11D11F13454}.Test|x64.ActiveCfg = Test|x64
		{0E309289-C217-4185-AE4F-C11D11F13454}.Test|x64.Build.0 = Test|x64
		{0E309289-C217-4185-AE4F-C11D11F13454}.Test|x86.ActiveCfg = Test|Win32
		{BD8F54CE-265A-4606-982E-D21B0479B907}.Debug|x64.ActiveCfg = Debug|x64
		{BD8F54CE-265A-4606-982E-D21B0479B907}.Debug|x86.ActiveCfg = Debug|Win32
		{BD8F54CE-265A-4606-982E-D21B0479B907}.Debug|x86.Build.0 = Debug|Win32
		{BD8F54CE-265A-4606-982E-D21B0479B907}.Release|x64.ActiveCfg = Release|x64
		{BD8F54CE-265A-4606-982E-D21B0479B907}.Release|x86.ActiveCfg = Release|Win32
		{BD8F54CE-265A-4606-982E-D21B0479B907}.Release|x86.Build.0 = Release|Win32
		{BD8F54CE-265A-4606-982E-D21B0479B907}.Test|x64.ActiveCfg = Test|x64
		{BD8F54CE-265A-4606-982E-D21B0479B907}.Test|x64.Build.0 = Test|x64
		{BD8F54CE-265A-4606-982E-D21B0479B907}.Test|x86.ActiveCfg = Release|Win32
		{BD8F54CE-265A-4606-982E-D21B0479B907}.Test|x86.Build.0 = Release|Win32
		{FA3C8630-D79B-48CE-9B3E-B02AEA52E4AF}.Debug|x64.ActiveCfg = Debug|x64
		{FA3C8630-D79B-48CE-9B3E-B02AEA52E4AF}.Debug|x64.Build.0 = Debug|x64
		{FA3C8630-D79B-48CE-9B3E-B02AEA52E4AF}.Debug|x86.ActiveCfg = Debug|Win32
		{FA3C8630-D79B-48CE-9B3E-B02AEA52E4AF}.Debug|x86.Build.0 = Debug|Win32
		{FA3C8630-D79B-48CE-9B3E-B02AEA52E4AF}.Release|x64.ActiveCfg = Release|x64
		{FA3C8630-D79B-48CE-9B3E-B02AEA52E4AF}.Release|x64.Build.0 = Release|x64
		{FA3C8630-D79B-48CE-9B3E-B02AEA52E4AF}.Release|x86.ActiveCfg = Release|Win32
		{FA3C8630-D79B-48CE-9B3E-B02AEA52E4AF}.Release|x86.Build.0 = Release|Win32
		{FA3C8630-D79B-48CE-9B3E-B02AEA52E4AF}.Test|x64.ActiveCfg = Test|x64
		{FA3C8630-D79B-48CE-9B3E-B02AEA52E4AF}.Test|x64.Build.0 = Test|x64
		{FA3C8630-D79B-48CE-9B3E-B02AEA52E4AF}.Test|x86.ActiveCfg = Release|Win32
		{FA3C8630-D79B-48CE-9B3E-B02AEA52E4AF}.Test|x86.Build.0 = Release|Win32
	EndGlobalSection
	GlobalSection(SolutionProperties) = preSolution
		HideSolutionNode = FALSE
	EndGlobalSection
EndGlobal
